
Microsoft Visual Studio Solution File, Format Version 12.00
# Visual Studio 15
VisualStudioVersion = 15.0.26206.0
MinimumVisualStudioVersion = 10.0.40219.1
Project("{FAE04EC0-301F-11D3-BF4B-00C04F79EFBC}") = "Jarvis", "Jarvis\Jarvis.csproj", "{DE65A7D9-1D42-4C01-8907-CE929ABD868B}"
EndProject
Project("{FAE04EC0-301F-11D3-BF4B-00C04F79EFBC}") = "WeatherAssignment", "WeatherAssignment\WeatherAssignment.csproj", "{5D8C75ED-BA2A-4878-95A0-EE7D4A29D12B}"
EndProject
Project("{FAE04EC0-301F-11D3-BF4B-00C04F79EFBC}") = "CognitiveServicesTTS", "CSharp\CognitiveServicesTTS.csproj", "{2D0DB2A1-0A63-472E-ADB5-13FDC50D7350}"
EndProject
Global
	GlobalSection(SolutionConfigurationPlatforms) = preSolution
		Debug|Any CPU = Debug|Any CPU
		Release|Any CPU = Release|Any CPU
	EndGlobalSection
	GlobalSection(ProjectConfigurationPlatforms) = postSolution
		{DE65A7D9-1D42-4C01-8907-CE929ABD868B}.Debug|Any CPU.ActiveCfg = Debug|Any CPU
		{DE65A7D9-1D42-4C01-8907-CE929ABD868B}.Debug|Any CPU.Build.0 = Debug|Any CPU
		{DE65A7D9-1D42-4C01-8907-CE929ABD868B}.Release|Any CPU.ActiveCfg = Release|Any CPU
		{DE65A7D9-1D42-4C01-8907-CE929ABD868B}.Release|Any CPU.Build.0 = Release|Any CPU
		{5D8C75ED-BA2A-4878-95A0-EE7D4A29D12B}.Debug|Any CPU.ActiveCfg = Debug|Any CPU
		{5D8C75ED-BA2A-4878-95A0-EE7D4A29D12B}.Debug|Any CPU.Build.0 = Debug|Any CPU
		{5D8C75ED-BA2A-4878-95A0-EE7D4A29D12B}.Release|Any CPU.ActiveCfg = Release|Any CPU
		{5D8C75ED-BA2A-4878-95A0-EE7D4A29D12B}.Release|Any CPU.Build.0 = Release|Any CPU
		{2D0DB2A1-0A63-472E-ADB5-13FDC50D7350}.Debug|Any CPU.ActiveCfg = Debug|Any CPU
		{2D0DB2A1-0A63-472E-ADB5-13FDC50D7350}.Debug|Any CPU.Build.0 = Debug|Any CPU
		{2D0DB2A1-0A63-472E-ADB5-13FDC50D7350}.Release|Any CPU.ActiveCfg = Release|Any CPU
		{2D0DB2A1-0A63-472E-ADB5-13FDC50D7350}.Release|Any CPU.Build.0 = Release|Any CPU
	EndGlobalSection
	GlobalSection(SolutionProperties) = preSolution
		HideSolutionNode = FALSE
	EndGlobalSection
EndGlobal
